# This file is generated by running "yarn install" inside your project.
# Manual changes might be lost - proceed with caution!

__metadata:
  version: 6
  cacheKey: 8

"@cspotcode/source-map-support@npm:^0.8.0":
  version: 0.8.1
  resolution: "@cspotcode/source-map-support@npm:0.8.1"
  dependencies:
    "@jridgewell/trace-mapping": 0.3.9
  checksum: 5718f267085ed8edb3e7ef210137241775e607ee18b77d95aa5bd7514f47f5019aa2d82d96b3bf342ef7aa890a346fa1044532ff7cc3009e7d24fce3ce6200fa
  languageName: node
  linkType: hard

"@jridgewell/resolve-uri@npm:^3.0.3":
  version: 3.1.0
  resolution: "@jridgewell/resolve-uri@npm:3.1.0"
  checksum: b5ceaaf9a110fcb2780d1d8f8d4a0bfd216702f31c988d8042e5f8fbe353c55d9b0f55a1733afdc64806f8e79c485d2464680ac48a0d9fcadb9548ee6b81d267
  languageName: node
  linkType: hard

"@jridgewell/sourcemap-codec@npm:^1.4.10":
  version: 1.4.14
  resolution: "@jridgewell/sourcemap-codec@npm:1.4.14"
  checksum: 61100637b6d173d3ba786a5dff019e1a74b1f394f323c1fee337ff390239f053b87266c7a948777f4b1ee68c01a8ad0ab61e5ff4abb5a012a0b091bec391ab97
  languageName: node
  linkType: hard

"@jridgewell/trace-mapping@npm:0.3.9":
  version: 0.3.9
  resolution: "@jridgewell/trace-mapping@npm:0.3.9"
  dependencies:
    "@jridgewell/resolve-uri": ^3.0.3
    "@jridgewell/sourcemap-codec": ^1.4.10
  checksum: d89597752fd88d3f3480845691a05a44bd21faac18e2185b6f436c3b0fd0c5a859fbbd9aaa92050c4052caf325ad3e10e2e1d1b64327517471b7d51babc0ddef
  languageName: node
  linkType: hard

"@tsconfig/node10@npm:^1.0.7":
  version: 1.0.9
  resolution: "@tsconfig/node10@npm:1.0.9"
  checksum: a33ae4dc2a621c0678ac8ac4bceb8e512ae75dac65417a2ad9b022d9b5411e863c4c198b6ba9ef659e14b9fb609bbec680841a2e84c1172df7a5ffcf076539df
  languageName: node
  linkType: hard

"@tsconfig/node12@npm:^1.0.7":
  version: 1.0.11
  resolution: "@tsconfig/node12@npm:1.0.11"
  checksum: 5ce29a41b13e7897a58b8e2df11269c5395999e588b9a467386f99d1d26f6c77d1af2719e407621412520ea30517d718d5192a32403b8dfcc163bf33e40a338a
  languageName: node
  linkType: hard

"@tsconfig/node14@npm:^1.0.0":
  version: 1.0.3
  resolution: "@tsconfig/node14@npm:1.0.3"
  checksum: 19275fe80c4c8d0ad0abed6a96dbf00642e88b220b090418609c4376e1cef81bf16237bf170ad1b341452feddb8115d8dd2e5acdfdea1b27422071163dc9ba9d
  languageName: node
  linkType: hard

"@tsconfig/node16@npm:^1.0.2":
  version: 1.0.3
  resolution: "@tsconfig/node16@npm:1.0.3"
  checksum: 3a8b657dd047495b7ad23437d6afd20297ce90380ff0bdee93fc7d39a900dbd8d9e26e53ff6b465e7967ce2adf0b218782590ce9013285121e6a5928fbd6819f
  languageName: node
  linkType: hard

"@types/node@npm:^18.7.13":
  version: 18.7.13
  resolution: "@types/node@npm:18.7.13"
  checksum: 45431e7e89ecaf85c7d2c180d801c132a7c59e2f8ad578726b6d71cc74e3267c18f9ccdcad738bc0479790c078f0c79efb0e58da2c6be535c15995dbb19050c9
  languageName: node
  linkType: hard

"accepts@npm:~1.3.4, accepts@npm:~1.3.8":
  version: 1.3.8
  resolution: "accepts@npm:1.3.8"
  dependencies:
    mime-types: ~2.1.34
    negotiator: 0.6.3
  checksum: 50c43d32e7b50285ebe84b613ee4a3aa426715a7d131b65b786e2ead0fd76b6b60091b9916d3478a75f11f162628a2139991b6c03ab3f1d9ab7c86075dc8eab4
  languageName: node
  linkType: hard

"acorn-walk@npm:^8.1.1":
  version: 8.2.0
  resolution: "acorn-walk@npm:8.2.0"
  checksum: 1715e76c01dd7b2d4ca472f9c58968516a4899378a63ad5b6c2d668bba8da21a71976c14ec5f5b75f887b6317c4ae0b897ab141c831d741dc76024d8745f1ad1
  languageName: node
  linkType: hard

"acorn@npm:^8.4.1":
  version: 8.8.0
  resolution: "acorn@npm:8.8.0"
  bin:
    acorn: bin/acorn
  checksum: 7270ca82b242eafe5687a11fea6e088c960af712683756abf0791b68855ea9cace3057bd5e998ffcef50c944810c1e0ca1da526d02b32110e13c722aa959afdc
  languageName: node
  linkType: hard

"after@npm:0.8.2":
  version: 0.8.2
  resolution: "after@npm:0.8.2"
  checksum: 52ea9be2e97d764de256dfb3843d68cb180d2d464748010ea0d8079ee28190190080a53e4005a62adbf4337c2d613906db82f08c0091cccb8e817625ccf94c52
  languageName: node
  linkType: hard

"arg@npm:^4.1.0":
  version: 4.1.3
  resolution: "arg@npm:4.1.3"
  checksum: 544af8dd3f60546d3e4aff084d451b96961d2267d668670199692f8d054f0415d86fc5497d0e641e91546f0aa920e7c29e5250e99fc89f5552a34b5d93b77f43
  languageName: node
  linkType: hard

"array-flatten@npm:1.1.1":
  version: 1.1.1
  resolution: "array-flatten@npm:1.1.1"
  checksum: a9925bf3512d9dce202112965de90c222cd59a4fbfce68a0951d25d965cf44642931f40aac72309c41f12df19afa010ecadceb07cfff9ccc1621e99d89ab5f3b
  languageName: node
  linkType: hard

"arraybuffer.slice@npm:~0.0.7":
  version: 0.0.7
  resolution: "arraybuffer.slice@npm:0.0.7"
  checksum: c6bacada71e8fe3e63c5f5ac5f23810e617faa1bcf33be21db43f40819edc7e186172d4a6fb8f1b9baea26689fc8da6ddeb78cefa2cc9723156c0247c3587118
  languageName: node
  linkType: hard

"async@npm:^2.6.0":
  version: 2.6.4
  resolution: "async@npm:2.6.4"
  dependencies:
    lodash: ^4.17.14
  checksum: a52083fb32e1ebe1d63e5c5624038bb30be68ff07a6c8d7dfe35e47c93fc144bd8652cbec869e0ac07d57dde387aa5f1386be3559cdee799cb1f789678d88e19
  languageName: node
  linkType: hard

"async@npm:^3.2.3":
  version: 3.2.4
  resolution: "async@npm:3.2.4"
  checksum: 43d07459a4e1d09b84a20772414aa684ff4de085cbcaec6eea3c7a8f8150e8c62aa6cd4e699fe8ee93c3a5b324e777d34642531875a0817a35697522c1b02e89
  languageName: node
  linkType: hard

"backo2@npm:1.0.2":
  version: 1.0.2
  resolution: "backo2@npm:1.0.2"
  checksum: fda8d0a0f4810068d23715f2f45153146d6ee8f62dd827ce1e0b6cc3c8328e84ad61e11399a83931705cef702fe7cbb457856bf99b9bd10c4ed57b0786252385
  languageName: node
  linkType: hard

"base64-arraybuffer@npm:0.1.4":
  version: 0.1.4
  resolution: "base64-arraybuffer@npm:0.1.4"
  checksum: d249a929e27b2430d7ba1527e91a36e14da37ae2f80e350c4d696a038257718f8da07577e820e7262f86a0ecd573c283db10c46502080f53ae11bfdd99b6a029
  languageName: node
  linkType: hard

"base64id@npm:2.0.0":
  version: 2.0.0
  resolution: "base64id@npm:2.0.0"
  checksum: 581b1d37e6cf3738b7ccdd4d14fe2bfc5c238e696e2720ee6c44c183b838655842e22034e53ffd783f872a539915c51b0d4728a49c7cc678ac5a758e00d62168
  languageName: node
  linkType: hard

"blob@npm:0.0.5":
  version: 0.0.5
  resolution: "blob@npm:0.0.5"
  checksum: ca6a025f1108b7fd317fba0a0d64424f5cf47be6f4653ec8ba44777804a4e5c86c8d7a7e41f75fe52fd77c5bfc3479f68e017abe649a241c15c3fc07bfc59e7b
  languageName: node
  linkType: hard

"bluebird@npm:^3.4.6":
  version: 3.7.2
  resolution: "bluebird@npm:3.7.2"
  checksum: 869417503c722e7dc54ca46715f70e15f4d9c602a423a02c825570862d12935be59ed9c7ba34a9b31f186c017c23cac6b54e35446f8353059c101da73eac22ef
  languageName: node
  linkType: hard

"body-parser@npm:1.20.0":
  version: 1.20.0
  resolution: "body-parser@npm:1.20.0"
  dependencies:
    bytes: 3.1.2
    content-type: ~1.0.4
    debug: 2.6.9
    depd: 2.0.0
    destroy: 1.2.0
    http-errors: 2.0.0
    iconv-lite: 0.4.24
    on-finished: 2.4.1
    qs: 6.10.3
    raw-body: 2.5.1
    type-is: ~1.6.18
    unpipe: 1.0.0
  checksum: 12fffdeac82fe20dddcab7074215d5156e7d02a69ae90cbe9fee1ca3efa2f28ef52097cbea76685ee0a1509c71d85abd0056a08e612c09077cad6277a644cf88
  languageName: node
  linkType: hard

"bytes@npm:3.1.2":
  version: 3.1.2
  resolution: "bytes@npm:3.1.2"
  checksum: e4bcd3948d289c5127591fbedf10c0b639ccbf00243504e4e127374a15c3bc8eed0d28d4aaab08ff6f1cf2abc0cce6ba3085ed32f4f90e82a5683ce0014e1b6e
  languageName: node
  linkType: hard

"call-bind@npm:^1.0.0":
  version: 1.0.2
  resolution: "call-bind@npm:1.0.2"
  dependencies:
    function-bind: ^1.1.1
    get-intrinsic: ^1.0.2
  checksum: f8e31de9d19988a4b80f3e704788c4a2d6b6f3d17cfec4f57dc29ced450c53a49270dc66bf0fbd693329ee948dd33e6c90a329519aef17474a4d961e8d6426b0
  languageName: node
  linkType: hard

"colors@npm:1.0.x":
  version: 1.0.3
  resolution: "colors@npm:1.0.3"
  checksum: 234e8d3ab7e4003851cdd6a1f02eaa16dabc502ee5f4dc576ad7959c64b7477b15bd21177bab4055a4c0a66aa3d919753958030445f87c39a253d73b7a3637f5
  languageName: node
  linkType: hard

"component-bind@npm:1.0.0":
  version: 1.0.0
  resolution: "component-bind@npm:1.0.0"
  checksum: 746c5810b9f8735643840ad04072e1ab817444d44dc1aadc813f1f1a17c47c27616584caa0db93db7e687bfe73b65073d8246c785bcdac80f8f3627d3bb26883
  languageName: node
  linkType: hard

"component-emitter@npm:1.2.1":
  version: 1.2.1
  resolution: "component-emitter@npm:1.2.1"
  checksum: 00599b827635cab65bb20e5e3e2db4cea120b76b6626ce3ac6c85d7f5f39bbadd9fec530da444380035dd1c8ff08f9badca54d40b68feaf74bc64f75d537ef61
  languageName: node
  linkType: hard

"component-emitter@npm:~1.3.0":
  version: 1.3.0
  resolution: "component-emitter@npm:1.3.0"
  checksum: b3c46de38ffd35c57d1c02488355be9f218e582aec72d72d1b8bbec95a3ac1b38c96cd6e03ff015577e68f550fbb361a3bfdbd9bb248be9390b7b3745691be6b
  languageName: node
  linkType: hard

"component-inherit@npm:0.0.3":
  version: 0.0.3
  resolution: "component-inherit@npm:0.0.3"
  checksum: 9f5b872a6b3a396cf827d471d07db5626d7918202ab6c1d59f2b849bab18ce4fe61d9b2b7b6ae5cd547b81f27a3de5ae678f438bfe4fadce8f26a1526ba86a74
  languageName: node
  linkType: hard

"content-disposition@npm:0.5.4":
  version: 0.5.4
  resolution: "content-disposition@npm:0.5.4"
  dependencies:
    safe-buffer: 5.2.1
  checksum: afb9d545e296a5171d7574fcad634b2fdf698875f4006a9dd04a3e1333880c5c0c98d47b560d01216fb6505a54a2ba6a843ee3a02ec86d7e911e8315255f56c3
  languageName: node
  linkType: hard

"content-type@npm:~1.0.4":
  version: 1.0.4
  resolution: "content-type@npm:1.0.4"
  checksum: 3d93585fda985d1554eca5ebd251994327608d2e200978fdbfba21c0c679914d5faf266d17027de44b34a72c7b0745b18584ecccaa7e1fdfb6a68ac7114f12e0
  languageName: node
  linkType: hard

"cookie-signature@npm:1.0.6":
  version: 1.0.6
  resolution: "cookie-signature@npm:1.0.6"
  checksum: f4e1b0a98a27a0e6e66fd7ea4e4e9d8e038f624058371bf4499cfcd8f3980be9a121486995202ba3fca74fbed93a407d6d54d43a43f96fd28d0bd7a06761591a
  languageName: node
  linkType: hard

"cookie@npm:0.5.0":
  version: 0.5.0
  resolution: "cookie@npm:0.5.0"
  checksum: 1f4bd2ca5765f8c9689a7e8954183f5332139eb72b6ff783d8947032ec1fdf43109852c178e21a953a30c0dd42257828185be01b49d1eb1a67fd054ca588a180
  languageName: node
  linkType: hard

"cookie@npm:~0.4.1":
  version: 0.4.2
  resolution: "cookie@npm:0.4.2"
  checksum: a00833c998bedf8e787b4c342defe5fa419abd96b32f4464f718b91022586b8f1bafbddd499288e75c037642493c83083da426c6a9080d309e3bd90fd11baa9b
  languageName: node
  linkType: hard

"create-require@npm:^1.1.0":
  version: 1.1.1
  resolution: "create-require@npm:1.1.1"
  checksum: a9a1503d4390d8b59ad86f4607de7870b39cad43d929813599a23714831e81c520bddf61bcdd1f8e30f05fd3a2b71ae8538e946eb2786dc65c2bbc520f692eff
  languageName: node
  linkType: hard

"cycle@npm:1.0.x":
  version: 1.0.3
  resolution: "cycle@npm:1.0.3"
  checksum: b9f131094fb832a8c4ba18c6d2dc9c87fc80d3242847a45f0a5f70911b2acab68abc1c25eb23e5155fcf2135a27d8fcc3635556745b03b488c4f360cfbc352df
  languageName: node
  linkType: hard

"debug@npm:2.6.9":
  version: 2.6.9
  resolution: "debug@npm:2.6.9"
  dependencies:
    ms: 2.0.0
  checksum: d2f51589ca66df60bf36e1fa6e4386b318c3f1e06772280eea5b1ae9fd3d05e9c2b7fd8a7d862457d00853c75b00451aa2d7459b924629ee385287a650f58fe6
  languageName: node
  linkType: hard

"debug@npm:~3.1.0":
  version: 3.1.0
  resolution: "debug@npm:3.1.0"
  dependencies:
    ms: 2.0.0
  checksum: 0b52718ab957254a5b3ca07fc34543bc778f358620c206a08452251eb7fc193c3ea3505072acbf4350219c14e2d71ceb7bdaa0d3370aa630b50da790458d08b3
  languageName: node
  linkType: hard

"debug@npm:~4.1.0":
  version: 4.1.1
  resolution: "debug@npm:4.1.1"
  dependencies:
    ms: ^2.1.1
  checksum: 1e681f5cce94ba10f8dde74b20b42e4d8cf0d2a6700f4c165bb3bb6885565ef5ca5885bf07e704974a835f2415ff095a63164f539988a1f07e8a69fe8b1d65ad
  languageName: node
  linkType: hard

"depd@npm:2.0.0":
  version: 2.0.0
  resolution: "depd@npm:2.0.0"
  checksum: abbe19c768c97ee2eed6282d8ce3031126662252c58d711f646921c9623f9052e3e1906443066beec1095832f534e57c523b7333f8e7e0d93051ab6baef5ab3a
  languageName: node
  linkType: hard

"destroy@npm:1.2.0":
  version: 1.2.0
  resolution: "destroy@npm:1.2.0"
  checksum: 0acb300b7478a08b92d810ab229d5afe0d2f4399272045ab22affa0d99dbaf12637659411530a6fcd597a9bdac718fc94373a61a95b4651bbc7b83684a565e38
  languageName: node
  linkType: hard

"diff@npm:^4.0.1":
  version: 4.0.2
  resolution: "diff@npm:4.0.2"
  checksum: f2c09b0ce4e6b301c221addd83bf3f454c0bc00caa3dd837cf6c127d6edf7223aa2bbe3b688feea110b7f262adbfc845b757c44c8a9f8c0c5b15d8fa9ce9d20d
  languageName: node
  linkType: hard

"ee-first@npm:1.1.1":
  version: 1.1.1
  resolution: "ee-first@npm:1.1.1"
  checksum: 1b4cac778d64ce3b582a7e26b218afe07e207a0f9bfe13cc7395a6d307849cfe361e65033c3251e00c27dd060cab43014c2d6b2647676135e18b77d2d05b3f4f
  languageName: node
  linkType: hard

"encodeurl@npm:~1.0.2":
  version: 1.0.2
  resolution: "encodeurl@npm:1.0.2"
  checksum: e50e3d508cdd9c4565ba72d2012e65038e5d71bdc9198cb125beb6237b5b1ade6c0d343998da9e170fb2eae52c1bed37d4d6d98a46ea423a0cddbed5ac3f780c
  languageName: node
  linkType: hard

"engine.io-client@npm:~3.5.0":
  version: 3.5.2
  resolution: "engine.io-client@npm:3.5.2"
  dependencies:
    component-emitter: ~1.3.0
    component-inherit: 0.0.3
    debug: ~3.1.0
    engine.io-parser: ~2.2.0
    has-cors: 1.1.0
    indexof: 0.0.1
    parseqs: 0.0.6
    parseuri: 0.0.6
    ws: ~7.4.2
    xmlhttprequest-ssl: ~1.6.2
    yeast: 0.1.2
  checksum: 2a4a8407ea939c45826d3483e39fe017e66d488dfd101282a79644f75196f7b84cac9d6f981e3ace1ab231e2469c18b25d79b114f20ab58d0eaa393bf66f213e
  languageName: node
  linkType: hard

"engine.io-parser@npm:~2.2.0":
  version: 2.2.1
  resolution: "engine.io-parser@npm:2.2.1"
  dependencies:
    after: 0.8.2
    arraybuffer.slice: ~0.0.7
    base64-arraybuffer: 0.1.4
    blob: 0.0.5
    has-binary2: ~1.0.2
  checksum: c7291955c1af4b6c384c2642c2d10a4df0ca7b6acc5cb178dd4933bcb1522eccc3d89ffae6e6080ce760451378fce49db47af3fb9999cae08de310e75f3c29d6
  languageName: node
  linkType: hard

"engine.io@npm:~3.6.0":
  version: 3.6.0
  resolution: "engine.io@npm:3.6.0"
  dependencies:
    accepts: ~1.3.4
    base64id: 2.0.0
    cookie: ~0.4.1
    debug: ~4.1.0
    engine.io-parser: ~2.2.0
    ws: ~7.4.2
  checksum: 7c02d7f8eb04b6682228874904af588f9a98b28190867da5754310fdaac1fcc1a2872c7ef948b070cdb5af37b2f3ca43493ddc63418caebff0df848f3edc755f
  languageName: node
  linkType: hard

"escape-html@npm:~1.0.3":
  version: 1.0.3
  resolution: "escape-html@npm:1.0.3"
  checksum: 6213ca9ae00d0ab8bccb6d8d4e0a98e76237b2410302cf7df70aaa6591d509a2a37ce8998008cbecae8fc8ffaadf3fb0229535e6a145f3ce0b211d060decbb24
  languageName: node
  linkType: hard

"etag@npm:~1.8.1":
  version: 1.8.1
  resolution: "etag@npm:1.8.1"
  checksum: 571aeb3dbe0f2bbd4e4fadbdb44f325fc75335cd5f6f6b6a091e6a06a9f25ed5392f0863c5442acb0646787446e816f13cbfc6edce5b07658541dff573cab1ff
  languageName: node
  linkType: hard

"express@npm:^4.14.0":
  version: 4.18.1
  resolution: "express@npm:4.18.1"
  dependencies:
    accepts: ~1.3.8
    array-flatten: 1.1.1
    body-parser: 1.20.0
    content-disposition: 0.5.4
    content-type: ~1.0.4
    cookie: 0.5.0
    cookie-signature: 1.0.6
    debug: 2.6.9
    depd: 2.0.0
    encodeurl: ~1.0.2
    escape-html: ~1.0.3
    etag: ~1.8.1
    finalhandler: 1.2.0
    fresh: 0.5.2
    http-errors: 2.0.0
    merge-descriptors: 1.0.1
    methods: ~1.1.2
    on-finished: 2.4.1
    parseurl: ~1.3.3
    path-to-regexp: 0.1.7
    proxy-addr: ~2.0.7
    qs: 6.10.3
    range-parser: ~1.2.1
    safe-buffer: 5.2.1
    send: 0.18.0
    serve-static: 1.15.0
    setprototypeof: 1.2.0
    statuses: 2.0.1
    type-is: ~1.6.18
    utils-merge: 1.0.1
    vary: ~1.1.2
  checksum: c3d44c92e48226ef32ec978becfedb0ecf0ca21316bfd33674b3c5d20459840584f2325726a4f17f33d9c99f769636f728982d1c5433a5b6fe6eb95b8cf0c854
  languageName: node
  linkType: hard

"eyes@npm:0.1.x":
  version: 0.1.8
  resolution: "eyes@npm:0.1.8"
  checksum: c31703a92bf36ba75ee8d379ee7985c24ee6149f3a6175f44cec7a05b178c38bce9836d3ca48c9acb0329a960ac2c4b2ead4e60cdd4fe6e8c92cad7cd6913687
  languageName: node
  linkType: hard

"finalhandler@npm:1.2.0":
  version: 1.2.0
  resolution: "finalhandler@npm:1.2.0"
  dependencies:
    debug: 2.6.9
    encodeurl: ~1.0.2
    escape-html: ~1.0.3
    on-finished: 2.4.1
    parseurl: ~1.3.3
    statuses: 2.0.1
    unpipe: ~1.0.0
  checksum: 92effbfd32e22a7dff2994acedbd9bcc3aa646a3e919ea6a53238090e87097f8ef07cced90aa2cc421abdf993aefbdd5b00104d55c7c5479a8d00ed105b45716
  languageName: node
  linkType: hard

"forwarded@npm:0.2.0":
  version: 0.2.0
  resolution: "forwarded@npm:0.2.0"
  checksum: fd27e2394d8887ebd16a66ffc889dc983fbbd797d5d3f01087c020283c0f019a7d05ee85669383d8e0d216b116d720fc0cef2f6e9b7eb9f4c90c6e0bc7fd28e6
  languageName: node
  linkType: hard

"fresh@npm:0.5.2":
  version: 0.5.2
  resolution: "fresh@npm:0.5.2"
  checksum: 13ea8b08f91e669a64e3ba3a20eb79d7ca5379a81f1ff7f4310d54e2320645503cc0c78daedc93dfb6191287295f6479544a649c64d8e41a1c0fb0c221552346
  languageName: node
  linkType: hard

"function-bind@npm:^1.1.1":
  version: 1.1.1
  resolution: "function-bind@npm:1.1.1"
  checksum: b32fbaebb3f8ec4969f033073b43f5c8befbb58f1a79e12f1d7490358150359ebd92f49e72ff0144f65f2c48ea2a605bff2d07965f548f6474fd8efd95bf361a
  languageName: node
  linkType: hard

"get-intrinsic@npm:^1.0.2":
  version: 1.1.2
  resolution: "get-intrinsic@npm:1.1.2"
  dependencies:
    function-bind: ^1.1.1
    has: ^1.0.3
    has-symbols: ^1.0.3
  checksum: 252f45491f2ba88ebf5b38018020c7cc3279de54b1d67ffb70c0cdf1dfa8ab31cd56467b5d117a8b4275b7a4dde91f86766b163a17a850f036528a7b2faafb2b
  languageName: node
  linkType: hard

"has-binary2@npm:~1.0.2":
  version: 1.0.3
  resolution: "has-binary2@npm:1.0.3"
  dependencies:
    isarray: 2.0.1
  checksum: 9183a617830b1f50b35961fbe39278cc43089cdac7c47a7f16aafb9d8190553fa360e5da34a479d6c988db40ea10aa02bca5abcb2451b5fc3924ae2f013ffdab
  languageName: node
  linkType: hard

"has-cors@npm:1.1.0":
  version: 1.1.0
  resolution: "has-cors@npm:1.1.0"
  checksum: 549ce94113fd23895b22d71ade9809918577b8558cd4d701fe79045d8b1d58d87eba870260b28f6a3229be933a691c55653afd496d0fc52e98fd2ff577f01197
  languageName: node
  linkType: hard

"has-symbols@npm:^1.0.3":
  version: 1.0.3
  resolution: "has-symbols@npm:1.0.3"
  checksum: a054c40c631c0d5741a8285010a0777ea0c068f99ed43e5d6eb12972da223f8af553a455132fdb0801bdcfa0e0f443c0c03a68d8555aa529b3144b446c3f2410
  languageName: node
  linkType: hard

"has@npm:^1.0.3":
  version: 1.0.3
  resolution: "has@npm:1.0.3"
  dependencies:
    function-bind: ^1.1.1
  checksum: b9ad53d53be4af90ce5d1c38331e712522417d017d5ef1ebd0507e07c2fbad8686fffb8e12ddecd4c39ca9b9b47431afbb975b8abf7f3c3b82c98e9aad052792
  languageName: node
  linkType: hard

"http-errors@npm:2.0.0":
  version: 2.0.0
  resolution: "http-errors@npm:2.0.0"
  dependencies:
    depd: 2.0.0
    inherits: 2.0.4
    setprototypeof: 1.2.0
    statuses: 2.0.1
    toidentifier: 1.0.1
  checksum: 9b0a3782665c52ce9dc658a0d1560bcb0214ba5699e4ea15aefb2a496e2ca83db03ebc42e1cce4ac1f413e4e0d2d736a3fd755772c556a9a06853ba2a0b7d920
  languageName: node
  linkType: hard

"iconv-lite@npm:0.4.24":
  version: 0.4.24
  resolution: "iconv-lite@npm:0.4.24"
  dependencies:
    safer-buffer: ">= 2.1.2 < 3"
  checksum: bd9f120f5a5b306f0bc0b9ae1edeb1577161503f5f8252a20f1a9e56ef8775c9959fd01c55f2d3a39d9a8abaf3e30c1abeb1895f367dcbbe0a8fd1c9ca01c4f6
  languageName: node
  linkType: hard

"indexof@npm:0.0.1":
  version: 0.0.1
  resolution: "indexof@npm:0.0.1"
  checksum: 0fb04e8b147b8585d981a6df1564f25bb3678d6fa74e33e5cecc1464b10f78e15e8ef6bb688f135fe5c2844a128fac8a7831cbe5adc81fdcf12681b093dfcc25
  languageName: node
  linkType: hard

"inherits@npm:2.0.4":
  version: 2.0.4
  resolution: "inherits@npm:2.0.4"
  checksum: 4a48a733847879d6cf6691860a6b1e3f0f4754176e4d71494c41f3475553768b10f84b5ce1d40fbd0e34e6bfbb864ee35858ad4dd2cf31e02fc4a154b724d7f1
  languageName: node
  linkType: hard

"ipaddr.js@npm:1.9.1":
  version: 1.9.1
  resolution: "ipaddr.js@npm:1.9.1"
  checksum: f88d3825981486f5a1942414c8d77dd6674dd71c065adcfa46f578d677edcb99fda25af42675cb59db492fdf427b34a5abfcde3982da11a8fd83a500b41cfe77
  languageName: node
  linkType: hard

"is-number-like@npm:^1.0.3":
  version: 1.0.8
  resolution: "is-number-like@npm:1.0.8"
  dependencies:
    lodash.isfinite: ^3.3.2
  checksum: cfba928570a4e7d44a9ed9493986091c0d21dfbeb9bbe4cd92785d7a9c8bd4e5f66fc8837b59e793244f0b1bd742b3e4605e85bdcdcc9279a0382163e2174510
  languageName: node
  linkType: hard

"isarray@npm:2.0.1":
  version: 2.0.1
  resolution: "isarray@npm:2.0.1"
  checksum: a0521973213019b82889f028a41528ce7a3f103a710357b6875066202ee5a1fa9ae4135f915f3be9160b8c7a3ae4b39b073b804da3b58fa6b72f8b4b1e3dfef5
  languageName: node
  linkType: hard

"isstream@npm:0.1.x":
  version: 0.1.2
  resolution: "isstream@npm:0.1.2"
  checksum: 1eb2fe63a729f7bdd8a559ab552c69055f4f48eb5c2f03724430587c6f450783c8f1cd936c1c952d0a927925180fcc892ebd5b174236cf1065d4bd5bdb37e963
  languageName: node
  linkType: hard

"lodash.isfinite@npm:^3.3.2":
  version: 3.3.2
  resolution: "lodash.isfinite@npm:3.3.2"
  checksum: 5e9f9c27fdcdb940f7d4bd3546f584502448004825ce42dc6c40cbee6a3de73d825f9aced3f5b50ff0f613b8dcb1b985fe6e29d172522d1d7975d3f8d02cef86
  languageName: node
  linkType: hard

"lodash@npm:^4.16.4, lodash@npm:^4.17.14":
  version: 4.17.21
  resolution: "lodash@npm:4.17.21"
  checksum: eb835a2e51d381e561e508ce932ea50a8e5a68f4ebdd771ea240d3048244a8d13658acbd502cd4829768c56f2e16bdd4340b9ea141297d472517b83868e677f7
  languageName: node
  linkType: hard

"make-error@npm:^1.1.1":
  version: 1.3.6
  resolution: "make-error@npm:1.3.6"
  checksum: b86e5e0e25f7f777b77fabd8e2cbf15737972869d852a22b7e73c17623928fccb826d8e46b9951501d3f20e51ad74ba8c59ed584f610526a48f8ccf88aaec402
  languageName: node
  linkType: hard

"media-typer@npm:0.3.0":
  version: 0.3.0
  resolution: "media-typer@npm:0.3.0"
  checksum: af1b38516c28ec95d6b0826f6c8f276c58aec391f76be42aa07646b4e39d317723e869700933ca6995b056db4b09a78c92d5440dc23657e6764be5d28874bba1
  languageName: node
  linkType: hard

"merge-descriptors@npm:1.0.1":
  version: 1.0.1
  resolution: "merge-descriptors@npm:1.0.1"
  checksum: 5abc259d2ae25bb06d19ce2b94a21632583c74e2a9109ee1ba7fd147aa7362b380d971e0251069f8b3eb7d48c21ac839e21fa177b335e82c76ec172e30c31a26
  languageName: node
  linkType: hard

"methods@npm:~1.1.2":
  version: 1.1.2
  resolution: "methods@npm:1.1.2"
  checksum: 0917ff4041fa8e2f2fda5425a955fe16ca411591fbd123c0d722fcf02b73971ed6f764d85f0a6f547ce49ee0221ce2c19a5fa692157931cecb422984f1dcd13a
  languageName: node
  linkType: hard

"mime-db@npm:1.52.0":
  version: 1.52.0
  resolution: "mime-db@npm:1.52.0"
  checksum: 0d99a03585f8b39d68182803b12ac601d9c01abfa28ec56204fa330bc9f3d1c5e14beb049bafadb3dbdf646dfb94b87e24d4ec7b31b7279ef906a8ea9b6a513f
  languageName: node
  linkType: hard

"mime-types@npm:~2.1.24, mime-types@npm:~2.1.34":
  version: 2.1.35
  resolution: "mime-types@npm:2.1.35"
  dependencies:
    mime-db: 1.52.0
  checksum: 89a5b7f1def9f3af5dad6496c5ed50191ae4331cc5389d7c521c8ad28d5fdad2d06fd81baf38fed813dc4e46bb55c8145bb0ff406330818c9cf712fb2e9b3836
  languageName: node
  linkType: hard

"mime@npm:1.6.0":
  version: 1.6.0
  resolution: "mime@npm:1.6.0"
  bin:
    mime: cli.js
  checksum: fef25e39263e6d207580bdc629f8872a3f9772c923c7f8c7e793175cee22777bbe8bba95e5d509a40aaa292d8974514ce634ae35769faa45f22d17edda5e8557
  languageName: node
  linkType: hard

"ms@npm:2.0.0":
  version: 2.0.0
  resolution: "ms@npm:2.0.0"
  checksum: 0e6a22b8b746d2e0b65a430519934fefd41b6db0682e3477c10f60c76e947c4c0ad06f63ffdf1d78d335f83edee8c0aa928aa66a36c7cd95b69b26f468d527f4
  languageName: node
  linkType: hard

"ms@npm:2.1.3, ms@npm:^2.1.1":
  version: 2.1.3
  resolution: "ms@npm:2.1.3"
  checksum: aa92de608021b242401676e35cfa5aa42dd70cbdc082b916da7fb925c542173e36bce97ea3e804923fe92c0ad991434e4a38327e15a1b5b5f945d66df615ae6d
  languageName: node
  linkType: hard

"negotiator@npm:0.6.3":
  version: 0.6.3
  resolution: "negotiator@npm:0.6.3"
  checksum: b8ffeb1e262eff7968fc90a2b6767b04cfd9842582a9d0ece0af7049537266e7b2506dfb1d107a32f06dd849ab2aea834d5830f7f4d0e5cb7d36e1ae55d021d9
  languageName: node
  linkType: hard

"nodejs-spacy-extract-names-from-text@workspace:.":
  version: 0.0.0-use.local
  resolution: "nodejs-spacy-extract-names-from-text@workspace:."
  dependencies:
    "@types/node": ^18.7.13
    spacy-nlp: ^1.0.11
    ts-node: ^10.9.1
    typescript: ^4.7.4
  languageName: unknown
  linkType: soft

"object-inspect@npm:^1.9.0":
  version: 1.12.2
  resolution: "object-inspect@npm:1.12.2"
  checksum: a534fc1b8534284ed71f25ce3a496013b7ea030f3d1b77118f6b7b1713829262be9e6243acbcb3ef8c626e2b64186112cb7f6db74e37b2789b9c789ca23048b2
  languageName: node
  linkType: hard

"on-finished@npm:2.4.1":
  version: 2.4.1
  resolution: "on-finished@npm:2.4.1"
  dependencies:
    ee-first: 1.1.1
  checksum: d20929a25e7f0bb62f937a425b5edeb4e4cde0540d77ba146ec9357f00b0d497cdb3b9b05b9c8e46222407d1548d08166bff69cc56dfa55ba0e4469228920ff0
  languageName: node
  linkType: hard

"parseqs@npm:0.0.6":
  version: 0.0.6
  resolution: "parseqs@npm:0.0.6"
  checksum: 7fc4ff4ba59764060bb8529875f6d4313056ea6939ff579b22dd7bd6f6033035e1fd2d6a559ab48ef0a7fa29a9d7731c982bfd1594e9115141fe1c328485ce9e
  languageName: node
  linkType: hard

"parseuri@npm:0.0.6":
  version: 0.0.6
  resolution: "parseuri@npm:0.0.6"
  checksum: fa430e40f0c75293a28e5f1023da5f51a5038d5e34c48c517b0d5187143f6bcc67d3091a062b68765db4a22757e488c7d15854f9d1921f2c2b9afa5ca0629a84
  languageName: node
  linkType: hard

"parseurl@npm:~1.3.3":
  version: 1.3.3
  resolution: "parseurl@npm:1.3.3"
  checksum: 407cee8e0a3a4c5cd472559bca8b6a45b82c124e9a4703302326e9ab60fc1081442ada4e02628efef1eb16197ddc7f8822f5a91fd7d7c86b51f530aedb17dfa2
  languageName: node
  linkType: hard

"path-to-regexp@npm:0.1.7":
  version: 0.1.7
  resolution: "path-to-regexp@npm:0.1.7"
  checksum: 69a14ea24db543e8b0f4353305c5eac6907917031340e5a8b37df688e52accd09e3cebfe1660b70d76b6bd89152f52183f28c74813dbf454ba1a01c82a38abce
  languageName: node
  linkType: hard

"poly-socketio@npm:^1.1.1":
  version: 1.1.5
  resolution: "poly-socketio@npm:1.1.5"
  dependencies:
    bluebird: ^3.4.6
    express: ^4.14.0
    lodash: ^4.16.4
    randombytes: ^2.0.3
    snyk: ^1.41.1
    socket.io: ^2.0.2
    socket.io-client: ^2.0.2
    winston: ^2.2.0
  checksum: a98dfe3435e35dc2fc5f276c58477c1469e64aa9718cdc6703327b64eaf099e1ee46040c4dcb8d18a8a6f4d0113ebe2adc862f7712d4fe0f43c21fdb7548e858
  languageName: node
  linkType: hard

"portscanner@npm:2.2.0":
  version: 2.2.0
  resolution: "portscanner@npm:2.2.0"
  dependencies:
    async: ^2.6.0
    is-number-like: ^1.0.3
  checksum: 5ca0b5bab4797327607a2979251057e476b2caf26dd17c7d628d059bd8962c23803a2b12ff2a72fca207dfb10563b158b915f6c38bc8319a4f351323266786c7
  languageName: node
  linkType: hard

"proxy-addr@npm:~2.0.7":
  version: 2.0.7
  resolution: "proxy-addr@npm:2.0.7"
  dependencies:
    forwarded: 0.2.0
    ipaddr.js: 1.9.1
  checksum: 29c6990ce9364648255454842f06f8c46fcd124d3e6d7c5066df44662de63cdc0bad032e9bf5a3d653ff72141cc7b6019873d685708ac8210c30458ad99f2b74
  languageName: node
  linkType: hard

"qs@npm:6.10.3":
  version: 6.10.3
  resolution: "qs@npm:6.10.3"
  dependencies:
    side-channel: ^1.0.4
  checksum: 0fac5e6c7191d0295a96d0e83c851aeb015df7e990e4d3b093897d3ac6c94e555dbd0a599739c84d7fa46d7fee282d94ba76943983935cf33bba6769539b8019
  languageName: node
  linkType: hard

"randombytes@npm:^2.0.3":
  version: 2.1.0
  resolution: "randombytes@npm:2.1.0"
  dependencies:
    safe-buffer: ^5.1.0
  checksum: d779499376bd4cbb435ef3ab9a957006c8682f343f14089ed5f27764e4645114196e75b7f6abf1cbd84fd247c0cb0651698444df8c9bf30e62120fbbc52269d6
  languageName: node
  linkType: hard

"range-parser@npm:~1.2.1":
  version: 1.2.1
  resolution: "range-parser@npm:1.2.1"
  checksum: 0a268d4fea508661cf5743dfe3d5f47ce214fd6b7dec1de0da4d669dd4ef3d2144468ebe4179049eff253d9d27e719c88dae55be64f954e80135a0cada804ec9
  languageName: node
  linkType: hard

"raw-body@npm:2.5.1":
  version: 2.5.1
  resolution: "raw-body@npm:2.5.1"
  dependencies:
    bytes: 3.1.2
    http-errors: 2.0.0
    iconv-lite: 0.4.24
    unpipe: 1.0.0
  checksum: 5362adff1575d691bb3f75998803a0ffed8c64eabeaa06e54b4ada25a0cd1b2ae7f4f5ec46565d1bec337e08b5ac90c76eaa0758de6f72a633f025d754dec29e
  languageName: node
  linkType: hard

"safe-buffer@npm:5.2.1, safe-buffer@npm:^5.1.0":
  version: 5.2.1
  resolution: "safe-buffer@npm:5.2.1"
  checksum: b99c4b41fdd67a6aaf280fcd05e9ffb0813654894223afb78a31f14a19ad220bba8aba1cb14eddce1fcfb037155fe6de4e861784eb434f7d11ed58d1e70dd491
  languageName: node
  linkType: hard

"safer-buffer@npm:>= 2.1.2 < 3":
  version: 2.1.2
  resolution: "safer-buffer@npm:2.1.2"
  checksum: cab8f25ae6f1434abee8d80023d7e72b598cf1327164ddab31003c51215526801e40b66c5e65d658a0af1e9d6478cadcb4c745f4bd6751f97d8644786c0978b0
  languageName: node
  linkType: hard

"send@npm:0.18.0":
  version: 0.18.0
  resolution: "send@npm:0.18.0"
  dependencies:
    debug: 2.6.9
    depd: 2.0.0
    destroy: 1.2.0
    encodeurl: ~1.0.2
    escape-html: ~1.0.3
    etag: ~1.8.1
    fresh: 0.5.2
    http-errors: 2.0.0
    mime: 1.6.0
    ms: 2.1.3
    on-finished: 2.4.1
    range-parser: ~1.2.1
    statuses: 2.0.1
  checksum: 74fc07ebb58566b87b078ec63e5a3e41ecd987e4272ba67b7467e86c6ad51bc6b0b0154133b6d8b08a2ddda360464f71382f7ef864700f34844a76c8027817a8
  languageName: node
  linkType: hard

"serve-static@npm:1.15.0":
  version: 1.15.0
  resolution: "serve-static@npm:1.15.0"
  dependencies:
    encodeurl: ~1.0.2
    escape-html: ~1.0.3
    parseurl: ~1.3.3
    send: 0.18.0
  checksum: af57fc13be40d90a12562e98c0b7855cf6e8bd4c107fe9a45c212bf023058d54a1871b1c89511c3958f70626fff47faeb795f5d83f8cf88514dbaeb2b724464d
  languageName: node
  linkType: hard

"setprototypeof@npm:1.2.0":
  version: 1.2.0
  resolution: "setprototypeof@npm:1.2.0"
  checksum: be18cbbf70e7d8097c97f713a2e76edf84e87299b40d085c6bf8b65314e994cc15e2e317727342fa6996e38e1f52c59720b53fe621e2eb593a6847bf0356db89
  languageName: node
  linkType: hard

"side-channel@npm:^1.0.4":
  version: 1.0.4
  resolution: "side-channel@npm:1.0.4"
  dependencies:
    call-bind: ^1.0.0
    get-intrinsic: ^1.0.2
    object-inspect: ^1.9.0
  checksum: 351e41b947079c10bd0858364f32bb3a7379514c399edb64ab3dce683933483fc63fb5e4efe0a15a2e8a7e3c436b6a91736ddb8d8c6591b0460a24bb4a1ee245
  languageName: node
  linkType: hard

"snyk@npm:^1.41.1":
  version: 1.991.0
  resolution: "snyk@npm:1.991.0"
  bin:
    snyk: bin/snyk
  checksum: e4e0e66fbc99c8cb12db954117d2d97b58d1a07151e0e6ed57a2ae2046e1947855a8625ce1dc21dd3e9f616b003f5876afbf911ef8bc277f38918c341a2c92ef
  languageName: node
  linkType: hard

"socket.io-adapter@npm:~1.1.0":
  version: 1.1.2
  resolution: "socket.io-adapter@npm:1.1.2"
  checksum: 8e18df7f8c471001b65e43542c5c743b63f041781bca097b4a407dd199dd757c14c0d470992f84923f48e75729a2ac0ae634fec820f20881cadae8a495bf68e9
  languageName: node
  linkType: hard

"socket.io-client@npm:2.5.0, socket.io-client@npm:^2.0.2":
  version: 2.5.0
  resolution: "socket.io-client@npm:2.5.0"
  dependencies:
    backo2: 1.0.2
    component-bind: 1.0.0
    component-emitter: ~1.3.0
    debug: ~3.1.0
    engine.io-client: ~3.5.0
    has-binary2: ~1.0.2
    indexof: 0.0.1
    parseqs: 0.0.6
    parseuri: 0.0.6
    socket.io-parser: ~3.3.0
    to-array: 0.1.4
  checksum: a33accaf02c4a4c47ac9b09018fa4b9fa67a648a0cc92602e520ec884520050796786eb0df78fc1a9bf51e7b3d7b50ba4ffd3bda6e44df2c253a77100124669c
  languageName: node
  linkType: hard

"socket.io-parser@npm:~3.3.0":
  version: 3.3.2
  resolution: "socket.io-parser@npm:3.3.2"
  dependencies:
    component-emitter: ~1.3.0
    debug: ~3.1.0
    isarray: 2.0.1
  checksum: 794b3f374faff583a74e2b4fdf55a01761622022d763a0261e3e13889f3088b288caa0f42f092451f7bcc088a4bbad1c48d86871388ff7d5cc5dfc1b15a928b5
  languageName: node
  linkType: hard

"socket.io-parser@npm:~3.4.0":
  version: 3.4.1
  resolution: "socket.io-parser@npm:3.4.1"
  dependencies:
    component-emitter: 1.2.1
    debug: ~4.1.0
    isarray: 2.0.1
  checksum: f8bac61298375680aceb6c72ffbb47a2d950daa05e01a3b67d9330945073ae01e35aa131dcddd7e0b354ca302c51742bebaae57a50c188d4c1fe8af9461aa38d
  languageName: node
  linkType: hard

"socket.io@npm:^2.0.2":
  version: 2.5.0
  resolution: "socket.io@npm:2.5.0"
  dependencies:
    debug: ~4.1.0
    engine.io: ~3.6.0
    has-binary2: ~1.0.2
    socket.io-adapter: ~1.1.0
    socket.io-client: 2.5.0
    socket.io-parser: ~3.4.0
  checksum: 6f20a413352cb0a8bb13063249fe425c81fb54beca1bdd71221262305cf21232e6a37fdd4a232b5695dbd4d3204281a9313829c9c373c5ba01c5bd7218edd094
  languageName: node
  linkType: hard

"spacy-nlp@npm:^1.0.11":
  version: 1.0.11
  resolution: "spacy-nlp@npm:1.0.11"
  dependencies:
    bluebird: ^3.4.6
    lodash: ^4.16.4
    poly-socketio: ^1.1.1
    portscanner: 2.2.0
    snyk: ^1.41.1
    winston: ^2.2.0
  checksum: b230666817e748b8a06d7d2473d77f5a28a6f6e614bc3c0eaecbf27142ed3c481e2e17724f3f58ba79d635c52103c102945c61af474c558b7670538303b4a552
  languageName: node
  linkType: hard

"stack-trace@npm:0.0.x":
  version: 0.0.10
  resolution: "stack-trace@npm:0.0.10"
  checksum: 473036ad32f8c00e889613153d6454f9be0536d430eb2358ca51cad6b95cea08a3cc33cc0e34de66b0dad221582b08ed2e61ef8e13f4087ab690f388362d6610
  languageName: node
  linkType: hard

"statuses@npm:2.0.1":
  version: 2.0.1
  resolution: "statuses@npm:2.0.1"
  checksum: 18c7623fdb8f646fb213ca4051be4df7efb3484d4ab662937ca6fbef7ced9b9e12842709872eb3020cc3504b93bde88935c9f6417489627a7786f24f8031cbcb
  languageName: node
  linkType: hard

"to-array@npm:0.1.4":
  version: 0.1.4
  resolution: "to-array@npm:0.1.4"
  checksum: 396a04df5a5e74df5c8891ebb819d575d626e2929312fec3d649b4d38203bbf7185c270cb31fcad903564743895e935f2e965770bd1c6eb137dde48c4d60788d
  languageName: node
  linkType: hard

"toidentifier@npm:1.0.1":
  version: 1.0.1
  resolution: "toidentifier@npm:1.0.1"
  checksum: 952c29e2a85d7123239b5cfdd889a0dde47ab0497f0913d70588f19c53f7e0b5327c95f4651e413c74b785147f9637b17410ac8c846d5d4a20a5a33eb6dc3a45
  languageName: node
  linkType: hard

"ts-node@npm:^10.9.1":
  version: 10.9.1
  resolution: "ts-node@npm:10.9.1"
  dependencies:
    "@cspotcode/source-map-support": ^0.8.0
    "@tsconfig/node10": ^1.0.7
    "@tsconfig/node12": ^1.0.7
    "@tsconfig/node14": ^1.0.0
    "@tsconfig/node16": ^1.0.2
    acorn: ^8.4.1
    acorn-walk: ^8.1.1
    arg: ^4.1.0
    create-require: ^1.1.0
    diff: ^4.0.1
    make-error: ^1.1.1
    v8-compile-cache-lib: ^3.0.1
    yn: 3.1.1
  peerDependencies:
    "@swc/core": ">=1.2.50"
    "@swc/wasm": ">=1.2.50"
    "@types/node": "*"
    typescript: ">=2.7"
  peerDependenciesMeta:
    "@swc/core":
      optional: true
    "@swc/wasm":
      optional: true
  bin:
    ts-node: dist/bin.js
    ts-node-cwd: dist/bin-cwd.js
    ts-node-esm: dist/bin-esm.js
    ts-node-script: dist/bin-script.js
    ts-node-transpile-only: dist/bin-transpile.js
    ts-script: dist/bin-script-deprecated.js
  checksum: 090adff1302ab20bd3486e6b4799e90f97726ed39e02b39e566f8ab674fd5bd5f727f43615debbfc580d33c6d9d1c6b1b3ce7d8e3cca3e20530a145ffa232c35
  languageName: node
  linkType: hard

"type-is@npm:~1.6.18":
  version: 1.6.18
  resolution: "type-is@npm:1.6.18"
  dependencies:
    media-typer: 0.3.0
    mime-types: ~2.1.24
  checksum: 2c8e47675d55f8b4e404bcf529abdf5036c537a04c2b20177bcf78c9e3c1da69da3942b1346e6edb09e823228c0ee656ef0e033765ec39a70d496ef601a0c657
  languageName: node
  linkType: hard

"typescript@npm:^4.7.4":
  version: 4.7.4
  resolution: "typescript@npm:4.7.4"
  bin:
    tsc: bin/tsc
    tsserver: bin/tsserver
  checksum: 5750181b1cd7e6482c4195825547e70f944114fb47e58e4aa7553e62f11b3f3173766aef9c281783edfd881f7b8299cf35e3ca8caebe73d8464528c907a164df
  languageName: node
  linkType: hard

"typescript@patch:typescript@^4.7.4#~builtin<compat/typescript>":
  version: 4.7.4
  resolution: "typescript@patch:typescript@npm%3A4.7.4#~builtin<compat/typescript>::version=4.7.4&hash=f456af"
  bin:
    tsc: bin/tsc
    tsserver: bin/tsserver
  checksum: 9096d8f6c16cb80ef3bf96fcbbd055bf1c4a43bd14f3b7be45a9fbe7ada46ec977f604d5feed3263b4f2aa7d4c7477ce5f9cd87de0d6feedec69a983f3a4f93e
  languageName: node
  linkType: hard

"unpipe@npm:1.0.0, unpipe@npm:~1.0.0":
  version: 1.0.0
  resolution: "unpipe@npm:1.0.0"
  checksum: 4fa18d8d8d977c55cb09715385c203197105e10a6d220087ec819f50cb68870f02942244f1017565484237f1f8c5d3cd413631b1ae104d3096f24fdfde1b4aa2
  languageName: node
  linkType: hard

"utils-merge@npm:1.0.1":
  version: 1.0.1
  resolution: "utils-merge@npm:1.0.1"
  checksum: c81095493225ecfc28add49c106ca4f09cdf56bc66731aa8dabc2edbbccb1e1bfe2de6a115e5c6a380d3ea166d1636410b62ef216bb07b3feb1cfde1d95d5080
  languageName: node
  linkType: hard

"v8-compile-cache-lib@npm:^3.0.1":
  version: 3.0.1
  resolution: "v8-compile-cache-lib@npm:3.0.1"
  checksum: 78089ad549e21bcdbfca10c08850022b22024cdcc2da9b168bcf5a73a6ed7bf01a9cebb9eac28e03cd23a684d81e0502797e88f3ccd27a32aeab1cfc44c39da0
  languageName: node
  linkType: hard

"vary@npm:~1.1.2":
  version: 1.1.2
  resolution: "vary@npm:1.1.2"
  checksum: ae0123222c6df65b437669d63dfa8c36cee20a504101b2fcd97b8bf76f91259c17f9f2b4d70a1e3c6bbcee7f51b28392833adb6b2770b23b01abec84e369660b
  languageName: node
  linkType: hard

"winston@npm:^2.2.0":
  version: 2.4.6
  resolution: "winston@npm:2.4.6"
  dependencies:
    async: ^3.2.3
    colors: 1.0.x
    cycle: 1.0.x
    eyes: 0.1.x
    isstream: 0.1.x
    stack-trace: 0.0.x
  checksum: 507ebfde315a8a0bc78ed73f41cc4c499291c23c25c58deab200baf192614af9481d637b463f9853c86a586811c1c5ffe980c33f8a37279f07f8d2409e9eb77b
  languageName: node
  linkType: hard

"ws@npm:~7.4.2":
  version: 7.4.6
  resolution: "ws@npm:7.4.6"
  peerDependencies:
    bufferutil: ^4.0.1
    utf-8-validate: ^5.0.2
  peerDependenciesMeta:
    bufferutil:
      optional: true
    utf-8-validate:
      optional: true
  checksum: 3a990b32ed08c72070d5e8913e14dfcd831919205be52a3ff0b4cdd998c8d554f167c9df3841605cde8b11d607768cacab3e823c58c96a5c08c987e093eb767a
  languageName: node
  linkType: hard

"xmlhttprequest-ssl@npm:~1.6.2":
  version: 1.6.3
  resolution: "xmlhttprequest-ssl@npm:1.6.3"
  checksum: ac8e5de1cdd170bddb928de75393e8977e7eb80c0d8c24fe4be07f6aa1d5c8e2e42296d29abca6591ec2046cc708c220791ecfa56db43c958b8e4de8e7d39984
  languageName: node
  linkType: hard

"yeast@npm:0.1.2":
  version: 0.1.2
  resolution: "yeast@npm:0.1.2"
  checksum: 81a250b69f601fed541e9518eb2972e75631dd81231689503d7f288612d4eec793b29c208d6807fd6bfc4c2a43614d0c6db233739a4ae6223e244aaed6a885c0
  languageName: node
  linkType: hard

"yn@npm:3.1.1":
  version: 3.1.1
  resolution: "yn@npm:3.1.1"
  checksum: 2c487b0e149e746ef48cda9f8bad10fc83693cd69d7f9dcd8be4214e985de33a29c9e24f3c0d6bcf2288427040a8947406ab27f7af67ee9456e6b84854f02dd6
  languageName: node
  linkType: hard
